# This file is automatically @generated by Cargo.
# It is not intended for manual editing.
[[package]]
name = "application"
version = "0.1.0"
dependencies = [
 "business",
 "domain",
 "infrastructure",
]

[[package]]
name = "batch-example"
version = "0.1.0"
dependencies = [
 "application",
 "business",
 "domain",
 "infrastructure",
]

[[package]]
name = "business"
version = "0.1.0"
dependencies = [
 "domain",
]

[[package]]
name = "domain"
version = "0.1.0"

[[package]]
name = "infrastructure"
version = "0.1.0"
dependencies = [
 "business",
 "domain",
]

[[package]]
name = "webservice-example"
version = "0.1.0"
dependencies = [
 "application",
 "business",
 "domain",
 "infrastructure",
]
